
Microsoft Visual Studio Solution File, Format Version 12.00
# Visual Studio Version 17
VisualStudioVersion = 17.0.31903.59
MinimumVisualStudioVersion = 10.0.40219.1
Project("{9A19103F-16F7-4668-BE54-9A1E7A4F7556}") = "BlogService.API", "BlogService.API\BlogService.API.csproj", "{CC3DC0F2-9853-41BE-8A68-2267F6E41A8B}"
EndProject
Project("{9A19103F-16F7-4668-BE54-9A1E7A4F7556}") = "BlogService.Service", "BlogService.Service\BlogService.Service.csproj", "{AB6E88CB-CD20-4C22-B088-DD4B948D5FC3}"
EndProject
Project("{9A19103F-16F7-4668-BE54-9A1E7A4F7556}") = "BlogService.Database", "BlogService.Database\BlogService.Database.csproj", "{99C7060D-5C6C-4529-A988-C1912865C692}"
EndProject
Project("{FAE04EC0-301F-11D3-BF4B-00C04F79EFBC}") = "BlogService.Tests", "BlogService.Tests\BlogService.Tests.csproj", "{89801070-61AD-465F-ABEB-054FC7135FB2}"
EndProject
Global
	GlobalSection(SolutionConfigurationPlatforms) = preSolution
		Debug|Any CPU = Debug|Any CPU
		Release|Any CPU = Release|Any CPU
	EndGlobalSection
	GlobalSection(ProjectConfigurationPlatforms) = postSolution
		{CC3DC0F2-9853-41BE-8A68-2267F6E41A8B}.Debug|Any CPU.ActiveCfg = Debug|Any CPU
		{CC3DC0F2-9853-41BE-8A68-2267F6E41A8B}.Debug|Any CPU.Build.0 = Debug|Any CPU
		{CC3DC0F2-9853-41BE-8A68-2267F6E41A8B}.Release|Any CPU.ActiveCfg = Release|Any CPU
		{CC3DC0F2-9853-41BE-8A68-2267F6E41A8B}.Release|Any CPU.Build.0 = Release|Any CPU
		{AB6E88CB-CD20-4C22-B088-DD4B948D5FC3}.Debug|Any CPU.ActiveCfg = Debug|Any CPU
		{AB6E88CB-CD20-4C22-B088-DD4B948D5FC3}.Debug|Any CPU.Build.0 = Debug|Any CPU
		{AB6E88CB-CD20-4C22-B088-DD4B948D5FC3}.Release|Any CPU.ActiveCfg = Release|Any CPU
		{AB6E88CB-CD20-4C22-B088-DD4B948D5FC3}.Release|Any CPU.Build.0 = Release|Any CPU
		{99C7060D-5C6C-4529-A988-C1912865C692}.Debug|Any CPU.ActiveCfg = Debug|Any CPU
		{99C7060D-5C6C-4529-A988-C1912865C692}.Debug|Any CPU.Build.0 = Debug|Any CPU
		{99C7060D-5C6C-4529-A988-C1912865C692}.Release|Any CPU.ActiveCfg = Release|Any CPU
		{99C7060D-5C6C-4529-A988-C1912865C692}.Release|Any CPU.Build.0 = Release|Any CPU
		{89801070-61AD-465F-ABEB-054FC7135FB2}.Debug|Any CPU.ActiveCfg = Debug|Any CPU
		{89801070-61AD-465F-ABEB-054FC7135FB2}.Debug|Any CPU.Build.0 = Debug|Any CPU
		{89801070-61AD-465F-ABEB-054FC7135FB2}.Release|Any CPU.ActiveCfg = Release|Any CPU
		{89801070-61AD-465F-ABEB-054FC7135FB2}.Release|Any CPU.Build.0 = Release|Any CPU
	EndGlobalSection
	GlobalSection(SolutionProperties) = preSolution
		HideSolutionNode = FALSE
	EndGlobalSection
EndGlobal
